{
  "nodes": {
    "dotfiles": {
      "flake": false,
      "locked": {
        "lastModified": 1732819712,
        "narHash": "sha256-SZk0KoceV4izZtn9zFlQ1Pw85FgtyIQufR89ezpLv7g=",
        "ref": "main",
        "rev": "3b2711c367326fbd83c7825683d9753cfd3dc657",
        "revCount": 87,
        "type": "git",
        "url": "ssh://git@github.com/chaapp87/dotfilesnew.git"
      },
      "original": {
        "ref": "main",
        "type": "git",
        "url": "ssh://git@github.com/chaapp87/dotfilesnew.git"
      }
    },
    "home-manager": {
      "inputs": {
        "nixpkgs": [
          "nixpkgs"
        ]
      },
      "locked": {
        "lastModified": 1733317578,
        "narHash": "sha256-anN/LcP5IuqEARvhPETg1vnbyG3IQ0wdvSAYEJfIQzA=",
        "owner": "nix-community",
        "repo": "home-manager",
        "rev": "ad48eb25cd0b00ce730da00fa1f8e6e6c27b397d",
        "type": "github"
      },
      "original": {
        "owner": "nix-community",
        "ref": "master",
        "repo": "home-manager",
        "type": "github"
      }
    },
    "jovian": {
      "inputs": {
        "nix-github-actions": "nix-github-actions",
        "nixpkgs": "nixpkgs"
      },
      "locked": {
        "lastModified": 1732739177,
        "narHash": "sha256-iL32+TA/8geCzcL1r3uthrH/GPvbUak5QE++WJUkaiI=",
        "owner": "Jovian-Experiments",
        "repo": "Jovian-NixOS",
        "rev": "8d7b2149e618696d5100c2683af1ffa893f02a75",
        "type": "github"
      },
      "original": {
        "owner": "Jovian-Experiments",
        "repo": "Jovian-NixOS",
        "type": "github"
      }
    },
    "nix-github-actions": {
      "inputs": {
        "nixpkgs": [
          "jovian",
          "nixpkgs"
        ]
      },
      "locked": {
        "lastModified": 1729697500,
        "narHash": "sha256-VFTWrbzDlZyFHHb1AlKRiD/qqCJIripXKiCSFS8fAOY=",
        "owner": "zhaofengli",
        "repo": "nix-github-actions",
        "rev": "e418aeb728b6aa5ca8c5c71974e7159c2df1d8cf",
        "type": "github"
      },
      "original": {
        "owner": "zhaofengli",
        "ref": "matrix-name",
        "repo": "nix-github-actions",
        "type": "github"
      }
    },
    "nixpkgs": {
      "locked": {
        "lastModified": 1732014248,
        "narHash": "sha256-y/MEyuJ5oBWrWAic/14LaIr/u5E0wRVzyYsouYY3W6w=",
        "owner": "NixOS",
        "repo": "nixpkgs",
        "rev": "23e89b7da85c3640bbc2173fe04f4bd114342367",
        "type": "github"
      },
      "original": {
        "owner": "NixOS",
        "ref": "nixos-unstable",
        "repo": "nixpkgs",
        "type": "github"
      }
    },
    "nixpkgs-oldstable": {
      "locked": {
        "lastModified": 1733220138,
        "narHash": "sha256-Yh5XZ9yVurrcYdNTSWxYgW4+EJ0pcOqgM1043z9JaRc=",
        "owner": "NixOS",
        "repo": "nixpkgs",
        "rev": "bcb68885668cccec12276bbb379f8f2557aa06ce",
        "type": "github"
      },
      "original": {
        "owner": "NixOS",
        "ref": "nixos-24.05",
        "repo": "nixpkgs",
        "type": "github"
      }
    },
    "nixpkgs-stable": {
      "locked": {
        "lastModified": 1733261153,
        "narHash": "sha256-eq51hyiaIwtWo19fPEeE0Zr2s83DYMKJoukNLgGGpek=",
        "owner": "NixOS",
        "repo": "nixpkgs",
        "rev": "b681065d0919f7eb5309a93cea2cfa84dec9aa88",
        "type": "github"
      },
      "original": {
        "owner": "NixOS",
        "ref": "nixos-24.11",
        "repo": "nixpkgs",
        "type": "github"
      }
    },
    "nixpkgs_2": {
      "locked": {
        "lastModified": 1733212471,
        "narHash": "sha256-M1+uCoV5igihRfcUKrr1riygbe73/dzNnzPsmaLCmpo=",
        "owner": "NixOS",
        "repo": "nixpkgs",
        "rev": "55d15ad12a74eb7d4646254e13638ad0c4128776",
        "type": "github"
      },
      "original": {
        "owner": "NixOS",
        "ref": "nixos-unstable",
        "repo": "nixpkgs",
        "type": "github"
      }
    },
    "nixpkgs_3": {
      "locked": {
        "lastModified": 0,
        "narHash": "sha256-OZiZ3m8SCMfh3B6bfGC/Bm4x3qc1m2SVEAlkV6iY7Yg=",
        "path": "/nix/store/hfz1qqd0z8amlgn8qwich1dvkmldik36-source",
        "type": "path"
      },
      "original": {
        "id": "nixpkgs",
        "type": "indirect"
      }
    },
    "plasma-manager": {
      "inputs": {
        "home-manager": [
          "home-manager"
        ],
        "nixpkgs": [
          "nixpkgs"
        ]
      },
      "locked": {
        "lastModified": 1733005589,
        "narHash": "sha256-NAym0oWYwKgFuAif6Z7HacU6Su/SJNTW4wEYC5urSYU=",
        "owner": "nix-community",
        "repo": "plasma-manager",
        "rev": "88ca377ff58b5c30a2879745829842554d4b21d5",
        "type": "github"
      },
      "original": {
        "owner": "nix-community",
        "repo": "plasma-manager",
        "type": "github"
      }
    },
    "root": {
      "inputs": {
        "dotfiles": "dotfiles",
        "home-manager": "home-manager",
        "jovian": "jovian",
        "nixpkgs": "nixpkgs_2",
        "nixpkgs-oldstable": "nixpkgs-oldstable",
        "nixpkgs-stable": "nixpkgs-stable",
        "plasma-manager": "plasma-manager",
        "scripts": "scripts"
      }
    },
    "scripts": {
      "inputs": {
        "nixpkgs": "nixpkgs_3"
      },
      "locked": {
        "lastModified": 1731935646,
        "narHash": "sha256-TBHfnIiPmJZqK/fGp0MxEZOlduue3zRxSUKK/w/M55k=",
        "ref": "main",
        "rev": "c310301b6f9a3015d1b807959a97c7a589ceb991",
        "revCount": 4,
        "type": "git",
        "url": "ssh://git@github.com/chaapp87/chaapp-scripts.git"
      },
      "original": {
        "ref": "main",
        "type": "git",
        "url": "ssh://git@github.com/chaapp87/chaapp-scripts.git"
      }
    }
  },
  "root": "root",
  "version": 7
}
